
Microsoft Visual Studio Solution File, Format Version 12.00
# Visual Studio 15
VisualStudioVersion = 15.0.27130.0
MinimumVisualStudioVersion = 10.0.40219.1
Project("{9A19103F-16F7-4668-BE54-9A1E7A4F7556}") = "Day1", "Day1\Day1.csproj", "{8A3E0715-CA9C-46E7-95E7-34873904DF75}"
EndProject
Project("{9A19103F-16F7-4668-BE54-9A1E7A4F7556}") = "Day2", "Day2\Day2.csproj", "{8BC55C9A-096A-4A49-A9D1-4CF7389E1BA5}"
EndProject
Project("{9A19103F-16F7-4668-BE54-9A1E7A4F7556}") = "Utils", "Utils\Utils.csproj", "{7A42C7EC-2EDA-41C6-8B38-DCEEFCD979B2}"
EndProject
Project("{9A19103F-16F7-4668-BE54-9A1E7A4F7556}") = "Day3", "Day3\Day3.csproj", "{200DDB92-BD94-4492-9D57-3773C9D7A1F1}"
EndProject
Project("{9A19103F-16F7-4668-BE54-9A1E7A4F7556}") = "Day4", "Day4\Day4.csproj", "{11848E56-99E1-44BC-8BD4-AFB80A0C124A}"
EndProject
Project("{9A19103F-16F7-4668-BE54-9A1E7A4F7556}") = "Day5", "Day5\Day5.csproj", "{0CF30581-FF49-4585-B43B-488B1728B0AA}"
EndProject
Project("{9A19103F-16F7-4668-BE54-9A1E7A4F7556}") = "Runner", "Runner\Runner.csproj", "{F782E4CF-461E-427A-ADFD-59409B162BD7}"
EndProject
Project("{9A19103F-16F7-4668-BE54-9A1E7A4F7556}") = "Day6", "Day6\Day6.csproj", "{FAF94E84-D040-4132-BBDD-006BE78C4E51}"
EndProject
Project("{FAE04EC0-301F-11D3-BF4B-00C04F79EFBC}") = "Day7", "Day7\Day7.csproj", "{6F22A3C5-8420-4AE1-90E1-D1889A59283C}"
EndProject
Global
	GlobalSection(SolutionConfigurationPlatforms) = preSolution
		Debug|Any CPU = Debug|Any CPU
		Release|Any CPU = Release|Any CPU
	EndGlobalSection
	GlobalSection(ProjectConfigurationPlatforms) = postSolution
		{8A3E0715-CA9C-46E7-95E7-34873904DF75}.Debug|Any CPU.ActiveCfg = Debug|Any CPU
		{8A3E0715-CA9C-46E7-95E7-34873904DF75}.Debug|Any CPU.Build.0 = Debug|Any CPU
		{8A3E0715-CA9C-46E7-95E7-34873904DF75}.Release|Any CPU.ActiveCfg = Release|Any CPU
		{8A3E0715-CA9C-46E7-95E7-34873904DF75}.Release|Any CPU.Build.0 = Release|Any CPU
		{8BC55C9A-096A-4A49-A9D1-4CF7389E1BA5}.Debug|Any CPU.ActiveCfg = Debug|Any CPU
		{8BC55C9A-096A-4A49-A9D1-4CF7389E1BA5}.Debug|Any CPU.Build.0 = Debug|Any CPU
		{8BC55C9A-096A-4A49-A9D1-4CF7389E1BA5}.Release|Any CPU.ActiveCfg = Release|Any CPU
		{8BC55C9A-096A-4A49-A9D1-4CF7389E1BA5}.Release|Any CPU.Build.0 = Release|Any CPU
		{7A42C7EC-2EDA-41C6-8B38-DCEEFCD979B2}.Debug|Any CPU.ActiveCfg = Debug|Any CPU
		{7A42C7EC-2EDA-41C6-8B38-DCEEFCD979B2}.Debug|Any CPU.Build.0 = Debug|Any CPU
		{7A42C7EC-2EDA-41C6-8B38-DCEEFCD979B2}.Release|Any CPU.ActiveCfg = Release|Any CPU
		{7A42C7EC-2EDA-41C6-8B38-DCEEFCD979B2}.Release|Any CPU.Build.0 = Release|Any CPU
		{200DDB92-BD94-4492-9D57-3773C9D7A1F1}.Debug|Any CPU.ActiveCfg = Debug|Any CPU
		{200DDB92-BD94-4492-9D57-3773C9D7A1F1}.Debug|Any CPU.Build.0 = Debug|Any CPU
		{200DDB92-BD94-4492-9D57-3773C9D7A1F1}.Release|Any CPU.ActiveCfg = Release|Any CPU
		{200DDB92-BD94-4492-9D57-3773C9D7A1F1}.Release|Any CPU.Build.0 = Release|Any CPU
		{11848E56-99E1-44BC-8BD4-AFB80A0C124A}.Debug|Any CPU.ActiveCfg = Debug|Any CPU
		{11848E56-99E1-44BC-8BD4-AFB80A0C124A}.Debug|Any CPU.Build.0 = Debug|Any CPU
		{11848E56-99E1-44BC-8BD4-AFB80A0C124A}.Release|Any CPU.ActiveCfg = Release|Any CPU
		{11848E56-99E1-44BC-8BD4-AFB80A0C124A}.Release|Any CPU.Build.0 = Release|Any CPU
		{0CF30581-FF49-4585-B43B-488B1728B0AA}.Debug|Any CPU.ActiveCfg = Debug|Any CPU
		{0CF30581-FF49-4585-B43B-488B1728B0AA}.Debug|Any CPU.Build.0 = Debug|Any CPU
		{0CF30581-FF49-4585-B43B-488B1728B0AA}.Release|Any CPU.ActiveCfg = Release|Any CPU
		{0CF30581-FF49-4585-B43B-488B1728B0AA}.Release|Any CPU.Build.0 = Release|Any CPU
		{F782E4CF-461E-427A-ADFD-59409B162BD7}.Debug|Any CPU.ActiveCfg = Debug|Any CPU
		{F782E4CF-461E-427A-ADFD-59409B162BD7}.Debug|Any CPU.Build.0 = Debug|Any CPU
		{F782E4CF-461E-427A-ADFD-59409B162BD7}.Release|Any CPU.ActiveCfg = Release|Any CPU
		{F782E4CF-461E-427A-ADFD-59409B162BD7}.Release|Any CPU.Build.0 = Release|Any CPU
		{FAF94E84-D040-4132-BBDD-006BE78C4E51}.Debug|Any CPU.ActiveCfg = Debug|Any CPU
		{FAF94E84-D040-4132-BBDD-006BE78C4E51}.Debug|Any CPU.Build.0 = Debug|Any CPU
		{FAF94E84-D040-4132-BBDD-006BE78C4E51}.Release|Any CPU.ActiveCfg = Release|Any CPU
		{FAF94E84-D040-4132-BBDD-006BE78C4E51}.Release|Any CPU.Build.0 = Release|Any CPU
		{6F22A3C5-8420-4AE1-90E1-D1889A59283C}.Debug|Any CPU.ActiveCfg = Debug|Any CPU
		{6F22A3C5-8420-4AE1-90E1-D1889A59283C}.Debug|Any CPU.Build.0 = Debug|Any CPU
		{6F22A3C5-8420-4AE1-90E1-D1889A59283C}.Release|Any CPU.ActiveCfg = Release|Any CPU
		{6F22A3C5-8420-4AE1-90E1-D1889A59283C}.Release|Any CPU.Build.0 = Release|Any CPU
	EndGlobalSection
	GlobalSection(SolutionProperties) = preSolution
		HideSolutionNode = FALSE
	EndGlobalSection
	GlobalSection(ExtensibilityGlobals) = postSolution
		SolutionGuid = {66906AE8-0E90-419B-A6A9-E8189F63ACDB}
	EndGlobalSection
EndGlobal
